
Microsoft Visual Studio Solution File, Format Version 12.00
# Visual Studio Version 16
VisualStudioVersion = 16.0.29806.167
MinimumVisualStudioVersion = 10.0.40219.1
Project("{FAE04EC0-301F-11D3-BF4B-00C04F79EFBC}") = "MTSerialization", "MTSerialization\MTSerialization.csproj", "{378DD80D-FB63-44BD-B1B1-924FEB942201}"
EndProject
Global
	GlobalSection(SolutionConfigurationPlatforms) = preSolution
		Debug|Any CPU = Debug|Any CPU
		Release|Any CPU = Release|Any CPU
	EndGlobalSection
	GlobalSection(ProjectConfigurationPlatforms) = postSolution
		{378DD80D-FB63-44BD-B1B1-924FEB942201}.Debug|Any CPU.ActiveCfg = Debug|Any CPU
		{378DD80D-FB63-44BD-B1B1-924FEB942201}.Debug|Any CPU.Build.0 = Debug|Any CPU
		{378DD80D-FB63-44BD-B1B1-924FEB942201}.Release|Any CPU.ActiveCfg = Release|Any CPU
		{378DD80D-FB63-44BD-B1B1-924FEB942201}.Release|Any CPU.Build.0 = Release|Any CPU
	EndGlobalSection
	GlobalSection(SolutionProperties) = preSolution
		HideSolutionNode = FALSE
	EndGlobalSection
	GlobalSection(ExtensibilityGlobals) = postSolution
		SolutionGuid = {7578CEEA-3BDD-4178-93B8-755632EA9784}
	EndGlobalSection
EndGlobal
