
Microsoft Visual Studio Solution File, Format Version 12.00
# Visual Studio Version 16
VisualStudioVersion = 16.0.30002.166
MinimumVisualStudioVersion = 10.0.40219.1
Project("{FAE04EC0-301F-11D3-BF4B-00C04F79EFBC}") = "AgentBodiesVolumetric", "AgentBodiesVolumetric\AgentBodiesVolumetric.csproj", "{A6973C79-1168-415B-8BC0-23F9C00E660F}"
EndProject
Global
	GlobalSection(SolutionConfigurationPlatforms) = preSolution
		Debug|Any CPU = Debug|Any CPU
		Release|Any CPU = Release|Any CPU
	EndGlobalSection
	GlobalSection(ProjectConfigurationPlatforms) = postSolution
		{A6973C79-1168-415B-8BC0-23F9C00E660F}.Debug|Any CPU.ActiveCfg = Debug|Any CPU
		{A6973C79-1168-415B-8BC0-23F9C00E660F}.Debug|Any CPU.Build.0 = Debug|Any CPU
		{A6973C79-1168-415B-8BC0-23F9C00E660F}.Release|Any CPU.ActiveCfg = Release|Any CPU
		{A6973C79-1168-415B-8BC0-23F9C00E660F}.Release|Any CPU.Build.0 = Release|Any CPU
	EndGlobalSection
	GlobalSection(SolutionProperties) = preSolution
		HideSolutionNode = FALSE
	EndGlobalSection
	GlobalSection(ExtensibilityGlobals) = postSolution
		SolutionGuid = {8A03E584-099F-4349-B811-6D3FECDEA59C}
	EndGlobalSection
EndGlobal
